
Microsoft Visual Studio Solution File, Format Version 12.00
# Visual Studio Version 17
VisualStudioVersion = 17.0.32014.148
MinimumVisualStudioVersion = 10.0.40219.1
Project("{FAE04EC0-301F-11D3-BF4B-00C04F79EFBC}") = "MoodAnalyserProblem", "MoodAnalyserProblem.csproj", "{BDCCC1C7-578E-4001-BB6E-FC5B64F82B6D}"
EndProject
Global
	GlobalSection(SolutionConfigurationPlatforms) = preSolution
		Debug|Any CPU = Debug|Any CPU
		Release|Any CPU = Release|Any CPU
	EndGlobalSection
	GlobalSection(ProjectConfigurationPlatforms) = postSolution
		{BDCCC1C7-578E-4001-BB6E-FC5B64F82B6D}.Debug|Any CPU.ActiveCfg = Debug|Any CPU
		{BDCCC1C7-578E-4001-BB6E-FC5B64F82B6D}.Debug|Any CPU.Build.0 = Debug|Any CPU
		{BDCCC1C7-578E-4001-BB6E-FC5B64F82B6D}.Release|Any CPU.ActiveCfg = Release|Any CPU
		{BDCCC1C7-578E-4001-BB6E-FC5B64F82B6D}.Release|Any CPU.Build.0 = Release|Any CPU
	EndGlobalSection
	GlobalSection(SolutionProperties) = preSolution
		HideSolutionNode = FALSE
	EndGlobalSection
	GlobalSection(ExtensibilityGlobals) = postSolution
		SolutionGuid = {5A447E2A-A019-4610-A7DD-FD1A46AF88E9}
	EndGlobalSection
EndGlobal
